// !$*UTF8*$!
{
	archiveVersion = 1;
	classes = {
	};
	objectVersion = 56;
	objects = {

/* Begin PBXBuildFile section */
		831F8F612B3FEDB600560C7A /* MapViewsApp.swift in Sources */ = {isa = PBXBuildFile; fileRef = 831F8F602B3FEDB600560C7A /* MapViewsApp.swift */; };
		831F8F632B3FEDB600560C7A /* ContentView.swift in Sources */ = {isa = PBXBuildFile; fileRef = 831F8F622B3FEDB600560C7A /* ContentView.swift */; };
		831F8F652B3FEDB700560C7A /* Assets.xcassets in Resources */ = {isa = PBXBuildFile; fileRef = 831F8F642B3FEDB700560C7A /* Assets.xcassets */; };
		831F8F682B3FEDB700560C7A /* Preview Assets.xcassets in Resources */ = {isa = PBXBuildFile; fileRef = 831F8F672B3FEDB700560C7A /* Preview Assets.xcassets */; };
		831F8F722B3FEDB700560C7A /* MapViewsTests.swift in Sources */ = {isa = PBXBuildFile; fileRef = 831F8F712B3FEDB700560C7A /* MapViewsTests.swift */; };
		831F8F7C2B3FEDB700560C7A /* MapViewsUITests.swift in Sources */ = {isa = PBXBuildFile; fileRef = 831F8F7B2B3FEDB700560C7A /* MapViewsUITests.swift */; };
		831F8F7E2B3FEDB700560C7A /* MapViewsUITestsLaunchTests.swift in Sources */ = {isa = PBXBuildFile; fileRef = 831F8F7D2B3FEDB700560C7A /* MapViewsUITestsLaunchTests.swift */; };
/* End PBXBuildFile section */

/* Begin PBXContainerItemProxy section */
		831F8F6E2B3FEDB700560C7A /* PBXContainerItemProxy */ = {
			isa = PBXContainerItemProxy;
			containerPortal = 831F8F552B3FEDB600560C7A /* Project object */;
			proxyType = 1;
			remoteGlobalIDString = 831F8F5C2B3FEDB600560C7A;
			remoteInfo = MapViews;
		};
		831F8F782B3FEDB700560C7A /* PBXContainerItemProxy */ = {
			isa = PBXContainerItemProxy;
			containerPortal = 831F8F552B3FEDB600560C7A /* Project object */;
			proxyType = 1;
			remoteGlobalIDString = 831F8F5C2B3FEDB600560C7A;
			remoteInfo = MapViews;
		};
/* End PBXContainerItemProxy section */

/* Begin PBXFileReference section */
		831F8F5D2B3FEDB600560C7A /* MapViews.app */ = {isa = PBXFileReference; explicitFileType = wrapper.application; includeInIndex = 0; path = MapViews.app; sourceTree = BUILT_PRODUCTS_DIR; };
		831F8F602B3FEDB600560C7A /* MapViewsApp.swift */ = {isa = PBXFileReference; lastKnownFileType = sourcecode.swift; path = MapViewsApp.swift; sourceTree = "<group>"; };
		831F8F622B3FEDB600560C7A /* ContentView.swift */ = {isa = PBXFileReference; lastKnownFileType = sourcecode.swift; path = ContentView.swift; sourceTree = "<group>"; };
		831F8F642B3FEDB700560C7A /* Assets.xcassets */ = {isa = PBXFileReference; lastKnownFileType = folder.assetcatalog; path = Assets.xcassets; sourceTree = "<group>"; };
		831F8F672B3FEDB700560C7A /* Preview Assets.xcassets */ = {isa = PBXFileReference; lastKnownFileType = folder.assetcatalog; path = "Preview Assets.xcassets"; sourceTree = "<group>"; };
		831F8F6D2B3FEDB700560C7A /* MapViewsTests.xctest */ = {isa = PBXFileReference; explicitFileType = wrapper.cfbundle; includeInIndex = 0; path = MapViewsTests.xctest; sourceTree = BUILT_PRODUCTS_DIR; };
		831F8F712B3FEDB700560C7A /* MapViewsTests.swift */ = {isa = PBXFileReference; lastKnownFileType = sourcecode.swift; path = MapViewsTests.swift; sourceTree = "<group>"; };
		831F8F772B3FEDB700560C7A /* MapViewsUITests.xctest */ = {isa = PBXFileReference; explicitFileType = wrapper.cfbundle; includeInIndex = 0; path = MapViewsUITests.xctest; sourceTree = BUILT_PRODUCTS_DIR; };
		831F8F7B2B3FEDB700560C7A /* MapViewsUITests.swift */ = {isa = PBXFileReference; lastKnownFileType = sourcecode.swift; path = MapViewsUITests.swift; sourceTree = "<group>"; };
		831F8F7D2B3FEDB700560C7A /* MapViewsUITestsLaunchTests.swift */ = {isa = PBXFileReference; lastKnownFileType = sourcecode.swift; path = MapViewsUITestsLaunchTests.swift; sourceTree = "<group>"; };
/* End PBXFileReference section */

/* Begin PBXFrameworksBuildPhase section */
		831F8F5A2B3FEDB600560C7A /* Frameworks */ = {
			isa = PBXFrameworksBuildPhase;
			buildActionMask = 2147483647;
			files = (
			);
			runOnlyForDeploymentPostprocessing = 0;
		};
		831F8F6A2B3FEDB700560C7A /* Frameworks */ = {
			isa = PBXFrameworksBuildPhase;
			buildActionMask = 2147483647;
			files = (
			);
			runOnlyForDeploymentPostprocessing = 0;
		};
		831F8F742B3FEDB700560C7A /* Frameworks */ = {
			isa = PBXFrameworksBuildPhase;
			buildActionMask = 2147483647;
			files = (
			);
			runOnlyForDeploymentPostprocessing = 0;
		};
/* End PBXFrameworksBuildPhase section */

/* Begin PBXGroup section */
		831F8F542B3FEDB600560C7A = {
			isa = PBXGroup;
			children = (
				831F8F5F2B3FEDB600560C7A /* MapViews */,
				831F8F702B3FEDB700560C7A /* MapViewsTests */,
				831F8F7A2B3FEDB700560C7A /* MapViewsUITests */,
				831F8F5E2B3FEDB600560C7A /* Products */,
			);
			sourceTree = "<group>";
		};
		831F8F5E2B3FEDB600560C7A /* Products */ = {
			isa = PBXGroup;
			children = (
				831F8F5D2B3FEDB600560C7A /* MapViews.app */,
				831F8F6D2B3FEDB700560C7A /* MapViewsTests.xctest */,
				831F8F772B3FEDB700560C7A /* MapViewsUITests.xctest */,
			);
			name = Products;
			sourceTree = "<group>";
		};
		831F8F5F2B3FEDB600560C7A /* MapViews */ = {
			isa = PBXGroup;
			children = (
				831F8F602B3FEDB600560C7A /* MapViewsApp.swift */,
				831F8F622B3FEDB600560C7A /* ContentView.swift */,
				831F8F642B3FEDB700560C7A /* Assets.xcassets */,
				831F8F662B3FEDB700560C7A /* Preview Content */,
			);
			path = MapViews;
			sourceTree = "<group>";
		};
		831F8F662B3FEDB700560C7A /* Preview Content */ = {
			isa = PBXGroup;
			children = (
				831F8F672B3FEDB700560C7A /* Preview Assets.xcassets */,
			);
			path = "Preview Content";
			sourceTree = "<group>";
		};
		831F8F702B3FEDB700560C7A /* MapViewsTests */ = {
			isa = PBXGroup;
			children = (
				831F8F712B3FEDB700560C7A /* MapViewsTests.swift */,
			);
			path = MapViewsTests;
			sourceTree = "<group>";
		};
		831F8F7A2B3FEDB700560C7A /* MapViewsUITests */ = {
			isa = PBXGroup;
			children = (
				831F8F7B2B3FEDB700560C7A /* MapViewsUITests.swift */,
				831F8F7D2B3FEDB700560C7A /* MapViewsUITestsLaunchTests.swift */,
			);
			path = MapViewsUITests;
			sourceTree = "<group>";
		};
/* End PBXGroup section */

/* Begin PBXNativeTarget section */
		831F8F5C2B3FEDB600560C7A /* MapViews */ = {
			isa = PBXNativeTarget;
			buildConfigurationList = 831F8F812B3FEDB700560C7A /* Build configuration list for PBXNativeTarget "MapViews" */;
			buildPhases = (
				831F8F592B3FEDB600560C7A /* Sources */,
				831F8F5A2B3FEDB600560C7A /* Frameworks */,
				831F8F5B2B3FEDB600560C7A /* Resources */,
			);
			buildRules = (
			);
			dependencies = (
			);
			name = MapViews;
			productName = MapViews;
			productReference = 831F8F5D2B3FEDB600560C7A /* MapViews.app */;
			productType = "com.apple.product-type.application";
		};
		831F8F6C2B3FEDB700560C7A /* MapViewsTests */ = {
			isa = PBXNativeTarget;
			buildConfigurationList = 831F8F842B3FEDB700560C7A /* Build configuration list for PBXNativeTarget "MapViewsTests" */;
			buildPhases = (
				831F8F692B3FEDB700560C7A /* Sources */,
				831F8F6A2B3FEDB700560C7A /* Frameworks */,
				831F8F6B2B3FEDB700560C7A /* Resources */,
			);
			buildRules = (
			);
			dependencies = (
				831F8F6F2B3FEDB700560C7A /* PBXTargetDependency */,
			);
			name = MapViewsTests;
			productName = MapViewsTests;
			productReference = 831F8F6D2B3FEDB700560C7A /* MapViewsTests.xctest */;
			productType = "com.apple.product-type.bundle.unit-test";
		};
		831F8F762B3FEDB700560C7A /* MapViewsUITests */ = {
			isa = PBXNativeTarget;
			buildConfigurationList = 831F8F872B3FEDB700560C7A /* Build configuration list for PBXNativeTarget "MapViewsUITests" */;
			buildPhases = (
				831F8F732B3FEDB700560C7A /* Sources */,
				831F8F742B3FEDB700560C7A /* Frameworks */,
				831F8F752B3FEDB700560C7A /* Resources */,
			);
			buildRules = (
			);
			dependencies = (
				831F8F792B3FEDB700560C7A /* PBXTargetDependency */,
			);
			name = MapViewsUITests;
			productName = MapViewsUITests;
			productReference = 831F8F772B3FEDB700560C7A /* MapViewsUITests.xctest */;
			productType = "com.apple.product-type.bundle.ui-testing";
		};
/* End PBXNativeTarget section */

/* Begin PBXProject section */
		831F8F552B3FEDB600560C7A /* Project object */ = {
			isa = PBXProject;
			attributes = {
				BuildIndependentTargetsInParallel = 1;
				LastSwiftUpdateCheck = 1510;
				LastUpgradeCheck = 1510;
				TargetAttributes = {
					831F8F5C2B3FEDB600560C7A = {
						CreatedOnToolsVersion = 15.1;
					};
					831F8F6C2B3FEDB700560C7A = {
						CreatedOnToolsVersion = 15.1;
						TestTargetID = 831F8F5C2B3FEDB600560C7A;
					};
					831F8F762B3FEDB700560C7A = {
						CreatedOnToolsVersion = 15.1;
						TestTargetID = 831F8F5C2B3FEDB600560C7A;
					};
				};
			};
			buildConfigurationList = 831F8F582B3FEDB600560C7A /* Build configuration list for PBXProject "MapViews" */;
			compatibilityVersion = "Xcode 14.0";
			developmentRegion = en;
			hasScannedForEncodings = 0;
			knownRegions = (
				en,
				Base,
			);
			mainGroup = 831F8F542B3FEDB600560C7A;
			productRefGroup = 831F8F5E2B3FEDB600560C7A /* Products */;
			projectDirPath = "";
			projectRoot = "";
			targets = (
				831F8F5C2B3FEDB600560C7A /* MapViews */,
				831F8F6C2B3FEDB700560C7A /* MapViewsTests */,
				831F8F762B3FEDB700560C7A /* MapViewsUITests */,
			);
		};
/* End PBXProject section */

/* Begin PBXResourcesBuildPhase section */
		831F8F5B2B3FEDB600560C7A /* Resources */ = {
			isa = PBXResourcesBuildPhase;
			buildActionMask = 2147483647;
			files = (
				831F8F682B3FEDB700560C7A /* Preview Assets.xcassets in Resources */,
				831F8F652B3FEDB700560C7A /* Assets.xcassets in Resources */,
			);
			runOnlyForDeploymentPostprocessing = 0;
		};
		831F8F6B2B3FEDB700560C7A /* Resources */ = {
			isa = PBXResourcesBuildPhase;
			buildActionMask = 2147483647;
			files = (
			);
			runOnlyForDeploymentPostprocessing = 0;
		};
		831F8F752B3FEDB700560C7A /* Resources */ = {
			isa = PBXResourcesBuildPhase;
			buildActionMask = 2147483647;
			files = (
			);
			runOnlyForDeploymentPostprocessing = 0;
		};
/* End PBXResourcesBuildPhase section */

/* Begin PBXSourcesBuildPhase section */
		831F8F592B3FEDB600560C7A /* Sources */ = {
			isa = PBXSourcesBuildPhase;
			buildActionMask = 2147483647;
			files = (
				831F8F632B3FEDB600560C7A /* ContentView.swift in Sources */,
				831F8F612B3FEDB600560C7A /* MapViewsApp.swift in Sources */,
			);
			runOnlyForDeploymentPostprocessing = 0;
		};
		831F8F692B3FEDB700560C7A /* Sources */ = {
			isa = PBXSourcesBuildPhase;
			buildActionMask = 2147483647;
			files = (
				831F8F722B3FEDB700560C7A /* MapViewsTests.swift in Sources */,
			);
			runOnlyForDeploymentPostprocessing = 0;
		};
		831F8F732B3FEDB700560C7A /* Sources */ = {
			isa = PBXSourcesBuildPhase;
			buildActionMask = 2147483647;
			files = (
				831F8F7E2B3FEDB700560C7A /* MapViewsUITestsLaunchTests.swift in Sources */,
				831F8F7C2B3FEDB700560C7A /* MapViewsUITests.swift in Sources */,
			);
			runOnlyForDeploymentPostprocessing = 0;
		};
/* End PBXSourcesBuildPhase section */

/* Begin PBXTargetDependency section */
		831F8F6F2B3FEDB700560C7A /* PBXTargetDependency */ = {
			isa = PBXTargetDependency;
			target = 831F8F5C2B3FEDB600560C7A /* MapViews */;
			targetProxy = 831F8F6E2B3FEDB700560C7A /* PBXContainerItemProxy */;
		};
		831F8F792B3FEDB700560C7A /* PBXTargetDependency */ = {
			isa = PBXTargetDependency;
			target = 831F8F5C2B3FEDB600560C7A /* MapViews */;
			targetProxy = 831F8F782B3FEDB700560C7A /* PBXContainerItemProxy */;
		};
/* End PBXTargetDependency section */

/* Begin XCBuildConfiguration section */
		831F8F7F2B3FEDB700560C7A /* Debug */ = {
			isa = XCBuildConfiguration;
			buildSettings = {
				ALWAYS_SEARCH_USER_PATHS = NO;
				ASSETCATALOG_COMPILER_GENERATE_SWIFT_ASSET_SYMBOL_EXTENSIONS = YES;
				CLANG_ANALYZER_NONNULL = YES;
				CLANG_ANALYZER_NUMBER_OBJECT_CONVERSION = YES_AGGRESSIVE;
				CLANG_CXX_LANGUAGE_STANDARD = "gnu++20";
				CLANG_ENABLE_MODULES = YES;
				CLANG_ENABLE_OBJC_ARC = YES;
				CLANG_ENABLE_OBJC_WEAK = YES;
				CLANG_WARN_BLOCK_CAPTURE_AUTORELEASING = YES;
				CLANG_WARN_BOOL_CONVERSION = YES;
				CLANG_WARN_COMMA = YES;
				CLANG_WARN_CONSTANT_CONVERSION = YES;
				CLANG_WARN_DEPRECATED_OBJC_IMPLEMENTATIONS = YES;
				CLANG_WARN_DIRECT_OBJC_ISA_USAGE = YES_ERROR;
				CLANG_WARN_DOCUMENTATION_COMMENTS = YES;
				CLANG_WARN_EMPTY_BODY = YES;
				CLANG_WARN_ENUM_CONVERSION = YES;
				CLANG_WARN_INFINITE_RECURSION = YES;
				CLANG_WARN_INT_CONVERSION = YES;
				CLANG_WARN_NON_LITERAL_NULL_CONVERSION = YES;
				CLANG_WARN_OBJC_IMPLICIT_RETAIN_SELF = YES;
				CLANG_WARN_OBJC_LITERAL_CONVERSION = YES;
				CLANG_WARN_OBJC_ROOT_CLASS = YES_ERROR;
				CLANG_WARN_QUOTED_INCLUDE_IN_FRAMEWORK_HEADER = YES;
				CLANG_WARN_RANGE_LOOP_ANALYSIS = YES;
				CLANG_WARN_STRICT_PROTOTYPES = YES;
				CLANG_WARN_SUSPICIOUS_MOVE = YES;
				CLANG_WARN_UNGUARDED_AVAILABILITY = YES_AGGRESSIVE;
				CLANG_WARN_UNREACHABLE_CODE = YES;
				CLANG_WARN__DUPLICATE_METHOD_MATCH = YES;
				COPY_PHASE_STRIP = NO;
				DEBUG_INFORMATION_FORMAT = dwarf;
				ENABLE_STRICT_OBJC_MSGSEND = YES;
				ENABLE_TESTABILITY = YES;
				ENABLE_USER_SCRIPT_SANDBOXING = YES;
				GCC_C_LANGUAGE_STANDARD = gnu17;
				GCC_DYNAMIC_NO_PIC = NO;
				GCC_NO_COMMON_BLOCKS = YES;
				GCC_OPTIMIZATION_LEVEL = 0;
				GCC_PREPROCESSOR_DEFINITIONS = (
					"DEBUG=1",
					"$(inherited)",
				);
				GCC_WARN_64_TO_32_BIT_CONVERSION = YES;
				GCC_WARN_ABOUT_RETURN_TYPE = YES_ERROR;
				GCC_WARN_UNDECLARED_SELECTOR = YES;
				GCC_WARN_UNINITIALIZED_AUTOS = YES_AGGRESSIVE;
				GCC_WARN_UNUSED_FUNCTION = YES;
				GCC_WARN_UNUSED_VARIABLE = YES;
				IPHONEOS_DEPLOYMENT_TARGET = 17.2;
				LOCALIZATION_PREFERS_STRING_CATALOGS = YES;
				MTL_ENABLE_DEBUG_INFO = INCLUDE_SOURCE;
				MTL_FAST_MATH = YES;
				ONLY_ACTIVE_ARCH = YES;
				SDKROOT = iphoneos;
				SWIFT_ACTIVE_COMPILATION_CONDITIONS = "DEBUG $(inherited)";
				SWIFT_OPTIMIZATION_LEVEL = "-Onone";
			};
			name = Debug;
		};
		831F8F802B3FEDB700560C7A /* Release */ = {
			isa = XCBuildConfiguration;
			buildSettings = {
				ALWAYS_SEARCH_USER_PATHS = NO;
				ASSETCATALOG_COMPILER_GENERATE_SWIFT_ASSET_SYMBOL_EXTENSIONS = YES;
				CLANG_ANALYZER_NONNULL = YES;
				CLANG_ANALYZER_NUMBER_OBJECT_CONVERSION = YES_AGGRESSIVE;
				CLANG_CXX_LANGUAGE_STANDARD = "gnu++20";
				CLANG_ENABLE_MODULES = YES;
				CLANG_ENABLE_OBJC_ARC = YES;
				CLANG_ENABLE_OBJC_WEAK = YES;
				CLANG_WARN_BLOCK_CAPTURE_AUTORELEASING = YES;
				CLANG_WARN_BOOL_CONVERSION = YES;
				CLANG_WARN_COMMA = YES;
				CLANG_WARN_CONSTANT_CONVERSION = YES;
				CLANG_WARN_DEPRECATED_OBJC_IMPLEMENTATIONS = YES;
				CLANG_WARN_DIRECT_OBJC_ISA_USAGE = YES_ERROR;
				CLANG_WARN_DOCUMENTATION_COMMENTS = YES;
				CLANG_WARN_EMPTY_BODY = YES;
				CLANG_WARN_ENUM_CONVERSION = YES;
				CLANG_WARN_INFINITE_RECURSION = YES;
				CLANG_WARN_INT_CONVERSION = YES;
				CLANG_WARN_NON_LITERAL_NULL_CONVERSION = YES;
				CLANG_WARN_OBJC_IMPLICIT_RETAIN_SELF = YES;
				CLANG_WARN_OBJC_LITERAL_CONVERSION = YES;
				CLANG_WARN_OBJC_ROOT_CLASS = YES_ERROR;
				CLANG_WARN_QUOTED_INCLUDE_IN_FRAMEWORK_HEADER = YES;
				CLANG_WARN_RANGE_LOOP_ANALYSIS = YES;
				CLANG_WARN_STRICT_PROTOTYPES = YES;
				CLANG_WARN_SUSPICIOUS_MOVE = YES;
				CLANG_WARN_UNGUARDED_AVAILABILITY = YES_AGGRESSIVE;
				CLANG_WARN_UNREACHABLE_CODE = YES;
				CLANG_WARN__DUPLICATE_METHOD_MATCH = YES;
				COPY_PHASE_STRIP = NO;
				DEBUG_INFORMATION_FORMAT = "dwarf-with-dsym";
				ENABLE_NS_ASSERTIONS = NO;
				ENABLE_STRICT_OBJC_MSGSEND = YES;
				ENABLE_USER_SCRIPT_SANDBOXING = YES;
				GCC_C_LANGUAGE_STANDARD = gnu17;
				GCC_NO_COMMON_BLOCKS = YES;
				GCC_WARN_64_TO_32_BIT_CONVERSION = YES;
				GCC_WARN_ABOUT_RETURN_TYPE = YES_ERROR;
				GCC_WARN_UNDECLARED_SELECTOR = YES;
				GCC_WARN_UNINITIALIZED_AUTOS = YES_AGGRESSIVE;
				GCC_WARN_UNUSED_FUNCTION = YES;
				GCC_WARN_UNUSED_VARIABLE = YES;
				IPHONEOS_DEPLOYMENT_TARGET = 17.2;
				LOCALIZATION_PREFERS_STRING_CATALOGS = YES;
				MTL_ENABLE_DEBUG_INFO = NO;
				MTL_FAST_MATH = YES;
				SDKROOT = iphoneos;
				SWIFT_COMPILATION_MODE = wholemodule;
				VALIDATE_PRODUCT = YES;
			};
			name = Release;
		};
		831F8F822B3FEDB700560C7A /* Debug */ = {
			isa = XCBuildConfiguration;
			buildSettings = {
				ASSETCATALOG_COMPILER_APPICON_NAME = AppIcon;
				ASSETCATALOG_COMPILER_GLOBAL_ACCENT_COLOR_NAME = AccentColor;
				CODE_SIGN_STYLE = Automatic;
				CURRENT_PROJECT_VERSION = 1;
				DEVELOPMENT_ASSET_PATHS = "\"MapViews/Preview Content\"";
				DEVELOPMENT_TEAM = Y6MXH3WF8X;
				ENABLE_PREVIEWS = YES;
				GENERATE_INFOPLIST_FILE = YES;
				INFOPLIST_KEY_UIApplicationSceneManifest_Generation = YES;
				INFOPLIST_KEY_UIApplicationSupportsIndirectInputEvents = YES;
				INFOPLIST_KEY_UILaunchScreen_Generation = YES;
				INFOPLIST_KEY_UISupportedInterfaceOrientations_iPad = "UIInterfaceOrientationPortrait UIInterfaceOrientationPortraitUpsideDown UIInterfaceOrientationLandscapeLeft UIInterfaceOrientationLandscapeRight";
				INFOPLIST_KEY_UISupportedInterfaceOrientations_iPhone = "UIInterfaceOrientationPortrait UIInterfaceOrientationLandscapeLeft UIInterfaceOrientationLandscapeRight";
				LD_RUNPATH_SEARCH_PATHS = (
					"$(inherited)",
					"@executable_path/Frameworks",
				);
				MARKETING_VERSION = 1.0;
				PRODUCT_BUNDLE_IDENTIFIER = n1g1.MapViews;
				PRODUCT_NAME = "$(TARGET_NAME)";
				SWIFT_EMIT_LOC_STRINGS = YES;
				SWIFT_VERSION = 5.0;
				TARGETED_DEVICE_FAMILY = "1,2";
			};
			name = Debug;
		};
		831F8F832B3FEDB700560C7A /* Release */ = {
			isa = XCBuildConfiguration;
			buildSettings = {
				ASSETCATALOG_COMPILER_APPICON_NAME = AppIcon;
				ASSETCATALOG_COMPILER_GLOBAL_ACCENT_COLOR_NAME = AccentColor;
				CODE_SIGN_STYLE = Automatic;
				CURRENT_PROJECT_VERSION = 1;
				DEVELOPMENT_ASSET_PATHS = "\"MapViews/Preview Content\"";
				DEVELOPMENT_TEAM = Y6MXH3WF8X;
				ENABLE_PREVIEWS = YES;
				GENERATE_INFOPLIST_FILE = YES;
				INFOPLIST_KEY_UIApplicationSceneManifest_Generation = YES;
				INFOPLIST_KEY_UIApplicationSupportsIndirectInputEvents = YES;
				INFOPLIST_KEY_UILaunchScreen_Generation = YES;
				INFOPLIST_KEY_UISupportedInterfaceOrientations_iPad = "UIInterfaceOrientationPortrait UIInterfaceOrientationPortraitUpsideDown UIInterfaceOrientationLandscapeLeft UIInterfaceOrientationLandscapeRight";
				INFOPLIST_KEY_UISupportedInterfaceOrientations_iPhone = "UIInterfaceOrientationPortrait UIInterfaceOrientationLandscapeLeft UIInterfaceOrientationLandscapeRight";
				LD_RUNPATH_SEARCH_PATHS = (
					"$(inherited)",
					"@executable_path/Frameworks",
				);
				MARKETING_VERSION = 1.0;
				PRODUCT_BUNDLE_IDENTIFIER = n1g1.MapViews;
				PRODUCT_NAME = "$(TARGET_NAME)";
				SWIFT_EMIT_LOC_STRINGS = YES;
				SWIFT_VERSION = 5.0;
				TARGETED_DEVICE_FAMILY = "1,2";
			};
			name = Release;
		};
		831F8F852B3FEDB700560C7A /* Debug */ = {
			isa = XCBuildConfiguration;
			buildSettings = {
				ALWAYS_EMBED_SWIFT_STANDARD_LIBRARIES = YES;
				BUNDLE_LOADER = "$(TEST_HOST)";
				CODE_SIGN_STYLE = Automatic;
				CURRENT_PROJECT_VERSION = 1;
				DEVELOPMENT_TEAM = Y6MXH3WF8X;
				GENERATE_INFOPLIST_FILE = YES;
				IPHONEOS_DEPLOYMENT_TARGET = 17.2;
				MARKETING_VERSION = 1.0;
				PRODUCT_BUNDLE_IDENTIFIER = n1g1.MapViewsTests;
				PRODUCT_NAME = "$(TARGET_NAME)";
				SWIFT_EMIT_LOC_STRINGS = NO;
				SWIFT_VERSION = 5.0;
				TARGETED_DEVICE_FAMILY = "1,2";
				TEST_HOST = "$(BUILT_PRODUCTS_DIR)/MapViews.app/$(BUNDLE_EXECUTABLE_FOLDER_PATH)/MapViews";
			};
			name = Debug;
		};
		831F8F862B3FEDB700560C7A /* Release */ = {
			isa = XCBuildConfiguration;
			buildSettings = {
				ALWAYS_EMBED_SWIFT_STANDARD_LIBRARIES = YES;
				BUNDLE_LOADER = "$(TEST_HOST)";
				CODE_SIGN_STYLE = Automatic;
				CURRENT_PROJECT_VERSION = 1;
				DEVELOPMENT_TEAM = Y6MXH3WF8X;
				GENERATE_INFOPLIST_FILE = YES;
				IPHONEOS_DEPLOYMENT_TARGET = 17.2;
				MARKETING_VERSION = 1.0;
				PRODUCT_BUNDLE_IDENTIFIER = n1g1.MapViewsTests;
				PRODUCT_NAME = "$(TARGET_NAME)";
				SWIFT_EMIT_LOC_STRINGS = NO;
				SWIFT_VERSION = 5.0;
				TARGETED_DEVICE_FAMILY = "1,2";
				TEST_HOST = "$(BUILT_PRODUCTS_DIR)/MapViews.app/$(BUNDLE_EXECUTABLE_FOLDER_PATH)/MapViews";
			};
			name = Release;
		};
		831F8F882B3FEDB700560C7A /* Debug */ = {
			isa = XCBuildConfiguration;
			buildSettings = {
				ALWAYS_EMBED_SWIFT_STANDARD_LIBRARIES = YES;
				CODE_SIGN_STYLE = Automatic;
				CURRENT_PROJECT_VERSION = 1;
				DEVELOPMENT_TEAM = Y6MXH3WF8X;
				GENERATE_INFOPLIST_FILE = YES;
				MARKETING_VERSION = 1.0;
				PRODUCT_BUNDLE_IDENTIFIER = n1g1.MapViewsUITests;
				PRODUCT_NAME = "$(TARGET_NAME)";
				SWIFT_EMIT_LOC_STRINGS = NO;
				SWIFT_VERSION = 5.0;
				TARGETED_DEVICE_FAMILY = "1,2";
				TEST_TARGET_NAME = MapViews;
			};
			name = Debug;
		};
		831F8F892B3FEDB700560C7A /* Release */ = {
			isa = XCBuildConfiguration;
			buildSettings = {
				ALWAYS_EMBED_SWIFT_STANDARD_LIBRARIES = YES;
				CODE_SIGN_STYLE = Automatic;
				CURRENT_PROJECT_VERSION = 1;
				DEVELOPMENT_TEAM = Y6MXH3WF8X;
				GENERATE_INFOPLIST_FILE = YES;
				MARKETING_VERSION = 1.0;
				PRODUCT_BUNDLE_IDENTIFIER = n1g1.MapViewsUITests;
				PRODUCT_NAME = "$(TARGET_NAME)";
				SWIFT_EMIT_LOC_STRINGS = NO;
				SWIFT_VERSION = 5.0;
				TARGETED_DEVICE_FAMILY = "1,2";
				TEST_TARGET_NAME = MapViews;
			};
			name = Release;
		};
/* End XCBuildConfiguration section */

/* Begin XCConfigurationList section */
		831F8F582B3FEDB600560C7A /* Build configuration list for PBXProject "MapViews" */ = {
			isa = XCConfigurationList;
			buildConfigurations = (
				831F8F7F2B3FEDB700560C7A /* Debug */,
				831F8F802B3FEDB700560C7A /* Release */,
			);
			defaultConfigurationIsVisible = 0;
			defaultConfigurationName = Release;
		};
		831F8F812B3FEDB700560C7A /* Build configuration list for PBXNativeTarget "MapViews" */ = {
			isa = XCConfigurationList;
			buildConfigurations = (
				831F8F822B3FEDB700560C7A /* Debug */,
				831F8F832B3FEDB700560C7A /* Release */,
			);
			defaultConfigurationIsVisible = 0;
			defaultConfigurationName = Release;
		};
		831F8F842B3FEDB700560C7A /* Build configuration list for PBXNativeTarget "MapViewsTests" */ = {
			isa = XCConfigurationList;
			buildConfigurations = (
				831F8F852B3FEDB700560C7A /* Debug */,
				831F8F862B3FEDB700560C7A /* Release */,
			);
			defaultConfigurationIsVisible = 0;
			defaultConfigurationName = Release;
		};
		831F8F872B3FEDB700560C7A /* Build configuration list for PBXNativeTarget "MapViewsUITests" */ = {
			isa = XCConfigurationList;
			buildConfigurations = (
				831F8F882B3FEDB700560C7A /* Debug */,
				831F8F892B3FEDB700560C7A /* Release */,
			);
			defaultConfigurationIsVisible = 0;
			defaultConfigurationName = Release;
		};
/* End XCConfigurationList section */
	};
	rootObject = 831F8F552B3FEDB600560C7A /* Project object */;
}
